
Microsoft Visual Studio Solution File, Format Version 12.00
# Visual Studio Version 17
VisualStudioVersion = 17.9.34622.214
MinimumVisualStudioVersion = 10.0.40219.1
Project("{FAE04EC0-301F-11D3-BF4B-00C04F79EFBC}") = "StroiTrendTest", "StroiTrendTest\StroiTrendTest.csproj", "{FE98F0B9-4EF7-43C5-84A2-964F5E12AF32}"
EndProject
Project("{FAE04EC0-301F-11D3-BF4B-00C04F79EFBC}") = "StroiTrendTest1", "StroiTrendTest1\StroiTrendTest1.csproj", "{A4C7843D-A8D2-42FA-BAFB-8D5CB5BC8CDF}"
EndProject
Global
	GlobalSection(SolutionConfigurationPlatforms) = preSolution
		Debug|Any CPU = Debug|Any CPU
		Release|Any CPU = Release|Any CPU
	EndGlobalSection
	GlobalSection(ProjectConfigurationPlatforms) = postSolution
		{FE98F0B9-4EF7-43C5-84A2-964F5E12AF32}.Debug|Any CPU.ActiveCfg = Debug|Any CPU
		{FE98F0B9-4EF7-43C5-84A2-964F5E12AF32}.Debug|Any CPU.Build.0 = Debug|Any CPU
		{FE98F0B9-4EF7-43C5-84A2-964F5E12AF32}.Release|Any CPU.ActiveCfg = Release|Any CPU
		{FE98F0B9-4EF7-43C5-84A2-964F5E12AF32}.Release|Any CPU.Build.0 = Release|Any CPU
		{A4C7843D-A8D2-42FA-BAFB-8D5CB5BC8CDF}.Debug|Any CPU.ActiveCfg = Debug|Any CPU
		{A4C7843D-A8D2-42FA-BAFB-8D5CB5BC8CDF}.Debug|Any CPU.Build.0 = Debug|Any CPU
		{A4C7843D-A8D2-42FA-BAFB-8D5CB5BC8CDF}.Release|Any CPU.ActiveCfg = Release|Any CPU
		{A4C7843D-A8D2-42FA-BAFB-8D5CB5BC8CDF}.Release|Any CPU.Build.0 = Release|Any CPU
	EndGlobalSection
	GlobalSection(SolutionProperties) = preSolution
		HideSolutionNode = FALSE
	EndGlobalSection
	GlobalSection(ExtensibilityGlobals) = postSolution
		SolutionGuid = {CEFFA6BD-8DB1-45CB-884F-CF4B9805F0CE}
	EndGlobalSection
EndGlobal
